// !$*UTF8*$!
{
	archiveVersion = 1;
	classes = {
	};
	objectVersion = 50;
	objects = {

/* Begin PBXBuildFile section */
		FE04477A23A7D70300EF022A /* AppDelegate.swift in Sources */ = {isa = PBXBuildFile; fileRef = FE04477923A7D70300EF022A /* AppDelegate.swift */; };
		FE04477C23A7D70300EF022A /* SceneDelegate.swift in Sources */ = {isa = PBXBuildFile; fileRef = FE04477B23A7D70300EF022A /* SceneDelegate.swift */; };
		FE04477E23A7D70300EF022A /* ShopViewController.swift in Sources */ = {isa = PBXBuildFile; fileRef = FE04477D23A7D70300EF022A /* ShopViewController.swift */; };
		FE04478123A7D70300EF022A /* Main.storyboard in Resources */ = {isa = PBXBuildFile; fileRef = FE04477F23A7D70300EF022A /* Main.storyboard */; };
		FE04478323A7D70400EF022A /* Assets.xcassets in Resources */ = {isa = PBXBuildFile; fileRef = FE04478223A7D70400EF022A /* Assets.xcassets */; };
		FE04478623A7D70400EF022A /* LaunchScreen.storyboard in Resources */ = {isa = PBXBuildFile; fileRef = FE04478423A7D70400EF022A /* LaunchScreen.storyboard */; };
		FE04478E23A7D7B800EF022A /* logo.jpg in Resources */ = {isa = PBXBuildFile; fileRef = FE04478D23A7D7B800EF022A /* logo.jpg */; };
		FE04479123A7FDBB00EF022A /* GlobalData.swift in Sources */ = {isa = PBXBuildFile; fileRef = FE04479023A7FDBB00EF022A /* GlobalData.swift */; };
		FE04479523A809E600EF022A /* CartViewController.swift in Sources */ = {isa = PBXBuildFile; fileRef = FE04479423A809E600EF022A /* CartViewController.swift */; };
/* End PBXBuildFile section */

/* Begin PBXFileReference section */
		FE04477623A7D70300EF022A /* ShoppingApp.app */ = {isa = PBXFileReference; explicitFileType = wrapper.application; includeInIndex = 0; path = ShoppingApp.app; sourceTree = BUILT_PRODUCTS_DIR; };
		FE04477923A7D70300EF022A /* AppDelegate.swift */ = {isa = PBXFileReference; lastKnownFileType = sourcecode.swift; path = AppDelegate.swift; sourceTree = "<group>"; };
		FE04477B23A7D70300EF022A /* SceneDelegate.swift */ = {isa = PBXFileReference; lastKnownFileType = sourcecode.swift; path = SceneDelegate.swift; sourceTree = "<group>"; };
		FE04477D23A7D70300EF022A /* ShopViewController.swift */ = {isa = PBXFileReference; lastKnownFileType = sourcecode.swift; path = ShopViewController.swift; sourceTree = "<group>"; };
		FE04478023A7D70300EF022A /* Base */ = {isa = PBXFileReference; lastKnownFileType = file.storyboard; name = Base; path = Base.lproj/Main.storyboard; sourceTree = "<group>"; };
		FE04478223A7D70400EF022A /* Assets.xcassets */ = {isa = PBXFileReference; lastKnownFileType = folder.assetcatalog; path = Assets.xcassets; sourceTree = "<group>"; };
		FE04478523A7D70400EF022A /* Base */ = {isa = PBXFileReference; lastKnownFileType = file.storyboard; name = Base; path = Base.lproj/LaunchScreen.storyboard; sourceTree = "<group>"; };
		FE04478723A7D70400EF022A /* Info.plist */ = {isa = PBXFileReference; lastKnownFileType = text.plist.xml; path = Info.plist; sourceTree = "<group>"; };
		FE04478D23A7D7B800EF022A /* logo.jpg */ = {isa = PBXFileReference; lastKnownFileType = image.jpeg; name = logo.jpg; path = ShoppingApp/Images/logo.jpg; sourceTree = SOURCE_ROOT; };
		FE04479023A7FDBB00EF022A /* GlobalData.swift */ = {isa = PBXFileReference; fileEncoding = 4; lastKnownFileType = sourcecode.swift; name = GlobalData.swift; path = ShoppingApp/GlobalData.swift; sourceTree = SOURCE_ROOT; };
		FE04479423A809E600EF022A /* CartViewController.swift */ = {isa = PBXFileReference; lastKnownFileType = sourcecode.swift; path = CartViewController.swift; sourceTree = "<group>"; };
/* End PBXFileReference section */

/* Begin PBXFrameworksBuildPhase section */
		FE04477323A7D70300EF022A /* Frameworks */ = {
			isa = PBXFrameworksBuildPhase;
			buildActionMask = 2147483647;
			files = (
			);
			runOnlyForDeploymentPostprocessing = 0;
		};
/* End PBXFrameworksBuildPhase section */

/* Begin PBXGroup section */
		FE04476D23A7D70300EF022A = {
			isa = PBXGroup;
			children = (
				FE04477823A7D70300EF022A /* ShoppingApp */,
				FE04477723A7D70300EF022A /* Products */,
			);
			sourceTree = "<group>";
		};
		FE04477723A7D70300EF022A /* Products */ = {
			isa = PBXGroup;
			children = (
				FE04477623A7D70300EF022A /* ShoppingApp.app */,
			);
			name = Products;
			sourceTree = "<group>";
		};
		FE04477823A7D70300EF022A /* ShoppingApp */ = {
			isa = PBXGroup;
			children = (
				FE04479023A7FDBB00EF022A /* GlobalData.swift */,
				FE04478F23A7D7BC00EF022A /* Images */,
				FE04477923A7D70300EF022A /* AppDelegate.swift */,
				FE04477B23A7D70300EF022A /* SceneDelegate.swift */,
				FE04477D23A7D70300EF022A /* ShopViewController.swift */,
				FE04479423A809E600EF022A /* CartViewController.swift */,
				FE04477F23A7D70300EF022A /* Main.storyboard */,
				FE04478223A7D70400EF022A /* Assets.xcassets */,
				FE04478423A7D70400EF022A /* LaunchScreen.storyboard */,
				FE04478723A7D70400EF022A /* Info.plist */,
			);
			path = ShoppingApp;
			sourceTree = "<group>";
		};
		FE04478F23A7D7BC00EF022A /* Images */ = {
			isa = PBXGroup;
			children = (
				FE04478D23A7D7B800EF022A /* logo.jpg */,
			);
			path = Images;
			sourceTree = "<group>";
		};
/* End PBXGroup section */

/* Begin PBXNativeTarget section */
		FE04477523A7D70300EF022A /* ShoppingApp */ = {
			isa = PBXNativeTarget;
			buildConfigurationList = FE04478A23A7D70400EF022A /* Build configuration list for PBXNativeTarget "ShoppingApp" */;
			buildPhases = (
				FE04477223A7D70300EF022A /* Sources */,
				FE04477323A7D70300EF022A /* Frameworks */,
				FE04477423A7D70300EF022A /* Resources */,
			);
			buildRules = (
			);
			dependencies = (
			);
			name = ShoppingApp;
			productName = ShoppingApp;
			productReference = FE04477623A7D70300EF022A /* ShoppingApp.app */;
			productType = "com.apple.product-type.application";
		};
/* End PBXNativeTarget section */

/* Begin PBXProject section */
		FE04476E23A7D70300EF022A /* Project object */ = {
			isa = PBXProject;
			attributes = {
				LastSwiftUpdateCheck = 1120;
				LastUpgradeCheck = 1120;
				ORGANIZATIONNAME = Deloitte;
				TargetAttributes = {
					FE04477523A7D70300EF022A = {
						CreatedOnToolsVersion = 11.2.1;
					};
				};
			};
			buildConfigurationList = FE04477123A7D70300EF022A /* Build configuration list for PBXProject "ShoppingApp" */;
			compatibilityVersion = "Xcode 9.3";
			developmentRegion = en;
			hasScannedForEncodings = 0;
			knownRegions = (
				en,
				Base,
			);
			mainGroup = FE04476D23A7D70300EF022A;
			productRefGroup = FE04477723A7D70300EF022A /* Products */;
			projectDirPath = "";
			projectRoot = "";
			targets = (
				FE04477523A7D70300EF022A /* ShoppingApp */,
			);
		};
/* End PBXProject section */

/* Begin PBXResourcesBuildPhase section */
		FE04477423A7D70300EF022A /* Resources */ = {
			isa = PBXResourcesBuildPhase;
			buildActionMask = 2147483647;
			files = (
				FE04478E23A7D7B800EF022A /* logo.jpg in Resources */,
				FE04478623A7D70400EF022A /* LaunchScreen.storyboard in Resources */,
				FE04478323A7D70400EF022A /* Assets.xcassets in Resources */,
				FE04478123A7D70300EF022A /* Main.storyboard in Resources */,
			);
			runOnlyForDeploymentPostprocessing = 0;
		};
/* End PBXResourcesBuildPhase section */

/* Begin PBXSourcesBuildPhase section */
		FE04477223A7D70300EF022A /* Sources */ = {
			isa = PBXSourcesBuildPhase;
			buildActionMask = 2147483647;
			files = (
				FE04477E23A7D70300EF022A /* ShopViewController.swift in Sources */,
				FE04477A23A7D70300EF022A /* AppDelegate.swift in Sources */,
				FE04479523A809E600EF022A /* CartViewController.swift in Sources */,
				FE04479123A7FDBB00EF022A /* GlobalData.swift in Sources */,
				FE04477C23A7D70300EF022A /* SceneDelegate.swift in Sources */,
			);
			runOnlyForDeploymentPostprocessing = 0;
		};
/* End PBXSourcesBuildPhase section */

/* Begin PBXVariantGroup section */
		FE04477F23A7D70300EF022A /* Main.storyboard */ = {
			isa = PBXVariantGroup;
			children = (
				FE04478023A7D70300EF022A /* Base */,
			);
			name = Main.storyboard;
			sourceTree = "<group>";
		};
		FE04478423A7D70400EF022A /* LaunchScreen.storyboard */ = {
			isa = PBXVariantGroup;
			children = (
				FE04478523A7D70400EF022A /* Base */,
			);
			name = LaunchScreen.storyboard;
			sourceTree = "<group>";
		};
/* End PBXVariantGroup section */

/* Begin XCBuildConfiguration section */
		FE04478823A7D70400EF022A /* Debug */ = {
			isa = XCBuildConfiguration;
			buildSettings = {
				ALWAYS_SEARCH_USER_PATHS = NO;
				CLANG_ANALYZER_NONNULL = YES;
				CLANG_ANALYZER_NUMBER_OBJECT_CONVERSION = YES_AGGRESSIVE;
				CLANG_CXX_LANGUAGE_STANDARD = "gnu++14";
				CLANG_CXX_LIBRARY = "libc++";
				CLANG_ENABLE_MODULES = YES;
				CLANG_ENABLE_OBJC_ARC = YES;
				CLANG_ENABLE_OBJC_WEAK = YES;
				CLANG_WARN_BLOCK_CAPTURE_AUTORELEASING = YES;
				CLANG_WARN_BOOL_CONVERSION = YES;
				CLANG_WARN_COMMA = YES;
				CLANG_WARN_CONSTANT_CONVERSION = YES;
				CLANG_WARN_DEPRECATED_OBJC_IMPLEMENTATIONS = YES;
				CLANG_WARN_DIRECT_OBJC_ISA_USAGE = YES_ERROR;
				CLANG_WARN_DOCUMENTATION_COMMENTS = YES;
				CLANG_WARN_EMPTY_BODY = YES;
				CLANG_WARN_ENUM_CONVERSION = YES;
				CLANG_WARN_INFINITE_RECURSION = YES;
				CLANG_WARN_INT_CONVERSION = YES;
				CLANG_WARN_NON_LITERAL_NULL_CONVERSION = YES;
				CLANG_WARN_OBJC_IMPLICIT_RETAIN_SELF = YES;
				CLANG_WARN_OBJC_LITERAL_CONVERSION = YES;
				CLANG_WARN_OBJC_ROOT_CLASS = YES_ERROR;
				CLANG_WARN_RANGE_LOOP_ANALYSIS = YES;
				CLANG_WARN_STRICT_PROTOTYPES = YES;
				CLANG_WARN_SUSPICIOUS_MOVE = YES;
				CLANG_WARN_UNGUARDED_AVAILABILITY = YES_AGGRESSIVE;
				CLANG_WARN_UNREACHABLE_CODE = YES;
				CLANG_WARN__DUPLICATE_METHOD_MATCH = YES;
				COPY_PHASE_STRIP = NO;
				DEBUG_INFORMATION_FORMAT = dwarf;
				ENABLE_STRICT_OBJC_MSGSEND = YES;
				ENABLE_TESTABILITY = YES;
				GCC_C_LANGUAGE_STANDARD = gnu11;
				GCC_DYNAMIC_NO_PIC = NO;
				GCC_NO_COMMON_BLOCKS = YES;
				GCC_OPTIMIZATION_LEVEL = 0;
				GCC_PREPROCESSOR_DEFINITIONS = (
					"DEBUG=1",
					"$(inherited)",
				);
				GCC_WARN_64_TO_32_BIT_CONVERSION = YES;
				GCC_WARN_ABOUT_RETURN_TYPE = YES_ERROR;
				GCC_WARN_UNDECLARED_SELECTOR = YES;
				GCC_WARN_UNINITIALIZED_AUTOS = YES_AGGRESSIVE;
				GCC_WARN_UNUSED_FUNCTION = YES;
				GCC_WARN_UNUSED_VARIABLE = YES;
				IPHONEOS_DEPLOYMENT_TARGET = 13.2;
				MTL_ENABLE_DEBUG_INFO = INCLUDE_SOURCE;
				MTL_FAST_MATH = YES;
				ONLY_ACTIVE_ARCH = YES;
				SDKROOT = iphoneos;
				SWIFT_ACTIVE_COMPILATION_CONDITIONS = DEBUG;
				SWIFT_OPTIMIZATION_LEVEL = "-Onone";
			};
			name = Debug;
		};
		FE04478923A7D70400EF022A /* Release */ = {
			isa = XCBuildConfiguration;
			buildSettings = {
				ALWAYS_SEARCH_USER_PATHS = NO;
				CLANG_ANALYZER_NONNULL = YES;
				CLANG_ANALYZER_NUMBER_OBJECT_CONVERSION = YES_AGGRESSIVE;
				CLANG_CXX_LANGUAGE_STANDARD = "gnu++14";
				CLANG_CXX_LIBRARY = "libc++";
				CLANG_ENABLE_MODULES = YES;
				CLANG_ENABLE_OBJC_ARC = YES;
				CLANG_ENABLE_OBJC_WEAK = YES;
				CLANG_WARN_BLOCK_CAPTURE_AUTORELEASING = YES;
				CLANG_WARN_BOOL_CONVERSION = YES;
				CLANG_WARN_COMMA = YES;
				CLANG_WARN_CONSTANT_CONVERSION = YES;
				CLANG_WARN_DEPRECATED_OBJC_IMPLEMENTATIONS = YES;
				CLANG_WARN_DIRECT_OBJC_ISA_USAGE = YES_ERROR;
				CLANG_WARN_DOCUMENTATION_COMMENTS = YES;
				CLANG_WARN_EMPTY_BODY = YES;
				CLANG_WARN_ENUM_CONVERSION = YES;
				CLANG_WARN_INFINITE_RECURSION = YES;
				CLANG_WARN_INT_CONVERSION = YES;
				CLANG_WARN_NON_LITERAL_NULL_CONVERSION = YES;
				CLANG_WARN_OBJC_IMPLICIT_RETAIN_SELF = YES;
				CLANG_WARN_OBJC_LITERAL_CONVERSION = YES;
				CLANG_WARN_OBJC_ROOT_CLASS = YES_ERROR;
				CLANG_WARN_RANGE_LOOP_ANALYSIS = YES;
				CLANG_WARN_STRICT_PROTOTYPES = YES;
				CLANG_WARN_SUSPICIOUS_MOVE = YES;
				CLANG_WARN_UNGUARDED_AVAILABILITY = YES_AGGRESSIVE;
				CLANG_WARN_UNREACHABLE_CODE = YES;
				CLANG_WARN__DUPLICATE_METHOD_MATCH = YES;
				COPY_PHASE_STRIP = NO;
				DEBUG_INFORMATION_FORMAT = "dwarf-with-dsym";
				ENABLE_NS_ASSERTIONS = NO;
				ENABLE_STRICT_OBJC_MSGSEND = YES;
				GCC_C_LANGUAGE_STANDARD = gnu11;
				GCC_NO_COMMON_BLOCKS = YES;
				GCC_WARN_64_TO_32_BIT_CONVERSION = YES;
				GCC_WARN_ABOUT_RETURN_TYPE = YES_ERROR;
				GCC_WARN_UNDECLARED_SELECTOR = YES;
				GCC_WARN_UNINITIALIZED_AUTOS = YES_AGGRESSIVE;
				GCC_WARN_UNUSED_FUNCTION = YES;
				GCC_WARN_UNUSED_VARIABLE = YES;
				IPHONEOS_DEPLOYMENT_TARGET = 13.2;
				MTL_ENABLE_DEBUG_INFO = NO;
				MTL_FAST_MATH = YES;
				SDKROOT = iphoneos;
				SWIFT_COMPILATION_MODE = wholemodule;
				SWIFT_OPTIMIZATION_LEVEL = "-O";
				VALIDATE_PRODUCT = YES;
			};
			name = Release;
		};
		FE04478B23A7D70400EF022A /* Debug */ = {
			isa = XCBuildConfiguration;
			buildSettings = {
				ASSETCATALOG_COMPILER_APPICON_NAME = AppIcon;
				CODE_SIGN_STYLE = Automatic;
				INFOPLIST_FILE = ShoppingApp/Info.plist;
				LD_RUNPATH_SEARCH_PATHS = (
					"$(inherited)",
					"@executable_path/Frameworks",
				);
				PRODUCT_BUNDLE_IDENTIFIER = AKM.ShoppingApp;
				PRODUCT_NAME = "$(TARGET_NAME)";
				SWIFT_VERSION = 5.0;
				TARGETED_DEVICE_FAMILY = "1,2";
			};
			name = Debug;
		};
		FE04478C23A7D70400EF022A /* Release */ = {
			isa = XCBuildConfiguration;
			buildSettings = {
				ASSETCATALOG_COMPILER_APPICON_NAME = AppIcon;
				CODE_SIGN_STYLE = Automatic;
				INFOPLIST_FILE = ShoppingApp/Info.plist;
				LD_RUNPATH_SEARCH_PATHS = (
					"$(inherited)",
					"@executable_path/Frameworks",
				);
				PRODUCT_BUNDLE_IDENTIFIER = AKM.ShoppingApp;
				PRODUCT_NAME = "$(TARGET_NAME)";
				SWIFT_VERSION = 5.0;
				TARGETED_DEVICE_FAMILY = "1,2";
			};
			name = Release;
		};
/* End XCBuildConfiguration section */

/* Begin XCConfigurationList section */
		FE04477123A7D70300EF022A /* Build configuration list for PBXProject "ShoppingApp" */ = {
			isa = XCConfigurationList;
			buildConfigurations = (
				FE04478823A7D70400EF022A /* Debug */,
				FE04478923A7D70400EF022A /* Release */,
			);
			defaultConfigurationIsVisible = 0;
			defaultConfigurationName = Release;
		};
		FE04478A23A7D70400EF022A /* Build configuration list for PBXNativeTarget "ShoppingApp" */ = {
			isa = XCConfigurationList;
			buildConfigurations = (
				FE04478B23A7D70400EF022A /* Debug */,
				FE04478C23A7D70400EF022A /* Release */,
			);
			defaultConfigurationIsVisible = 0;
			defaultConfigurationName = Release;
		};
/* End XCConfigurationList section */
	};
	rootObject = FE04476E23A7D70300EF022A /* Project object */;
}
